
Microsoft Visual Studio Solution File, Format Version 12.00
# Visual Studio Version 16
VisualStudioVersion = 16.0.30413.136
MinimumVisualStudioVersion = 10.0.40219.1
Project("{9A19103F-16F7-4668-BE54-9A1E7A4F7556}") = "Dot-Bot.Server", "Dot-Bot\Server\Dot-Bot.Server.csproj", "{98AD607C-1302-4626-8251-BED88800F972}"
EndProject
Project("{9A19103F-16F7-4668-BE54-9A1E7A4F7556}") = "Dot-Bot.Client", "Dot-Bot\Client\Dot-Bot.Client.csproj", "{2EF74D82-210B-42F7-9355-79638E17FE84}"
EndProject
Project("{9A19103F-16F7-4668-BE54-9A1E7A4F7556}") = "Dot-Bot.Shared", "Dot-Bot\Shared\Dot-Bot.Shared.csproj", "{5FF869E6-4348-4455-AF36-408DE452E636}"
EndProject
Global
	GlobalSection(SolutionConfigurationPlatforms) = preSolution
		Debug|Any CPU = Debug|Any CPU
		Release|Any CPU = Release|Any CPU
	EndGlobalSection
	GlobalSection(ProjectConfigurationPlatforms) = postSolution
		{98AD607C-1302-4626-8251-BED88800F972}.Debug|Any CPU.ActiveCfg = Debug|Any CPU
		{98AD607C-1302-4626-8251-BED88800F972}.Debug|Any CPU.Build.0 = Debug|Any CPU
		{98AD607C-1302-4626-8251-BED88800F972}.Release|Any CPU.ActiveCfg = Release|Any CPU
		{98AD607C-1302-4626-8251-BED88800F972}.Release|Any CPU.Build.0 = Release|Any CPU
		{2EF74D82-210B-42F7-9355-79638E17FE84}.Debug|Any CPU.ActiveCfg = Debug|Any CPU
		{2EF74D82-210B-42F7-9355-79638E17FE84}.Debug|Any CPU.Build.0 = Debug|Any CPU
		{2EF74D82-210B-42F7-9355-79638E17FE84}.Release|Any CPU.ActiveCfg = Release|Any CPU
		{2EF74D82-210B-42F7-9355-79638E17FE84}.Release|Any CPU.Build.0 = Release|Any CPU
		{5FF869E6-4348-4455-AF36-408DE452E636}.Debug|Any CPU.ActiveCfg = Debug|Any CPU
		{5FF869E6-4348-4455-AF36-408DE452E636}.Debug|Any CPU.Build.0 = Debug|Any CPU
		{5FF869E6-4348-4455-AF36-408DE452E636}.Release|Any CPU.ActiveCfg = Release|Any CPU
		{5FF869E6-4348-4455-AF36-408DE452E636}.Release|Any CPU.Build.0 = Release|Any CPU
	EndGlobalSection
	GlobalSection(SolutionProperties) = preSolution
		HideSolutionNode = FALSE
	EndGlobalSection
	GlobalSection(ExtensibilityGlobals) = postSolution
		SolutionGuid = {B3B01217-B34E-4921-B0C3-2D7C00FD4FE1}
	EndGlobalSection
EndGlobal
